
Microsoft Visual Studio Solution File, Format Version 12.00
# Visual Studio Version 16
VisualStudioVersion = 16.0.29503.13
MinimumVisualStudioVersion = 10.0.40219.1
Project("{FAE04EC0-301F-11D3-BF4B-00C04F79EFBC}") = "TablaBingo", "TablaBingo.csproj", "{86D3F3C1-6ECB-4DD9-ADD5-DACF01E70BCF}"
EndProject
Global
	GlobalSection(SolutionConfigurationPlatforms) = preSolution
		Debug|Any CPU = Debug|Any CPU
		Release|Any CPU = Release|Any CPU
	EndGlobalSection
	GlobalSection(ProjectConfigurationPlatforms) = postSolution
		{86D3F3C1-6ECB-4DD9-ADD5-DACF01E70BCF}.Debug|Any CPU.ActiveCfg = Debug|Any CPU
		{86D3F3C1-6ECB-4DD9-ADD5-DACF01E70BCF}.Debug|Any CPU.Build.0 = Debug|Any CPU
		{86D3F3C1-6ECB-4DD9-ADD5-DACF01E70BCF}.Release|Any CPU.ActiveCfg = Release|Any CPU
		{86D3F3C1-6ECB-4DD9-ADD5-DACF01E70BCF}.Release|Any CPU.Build.0 = Release|Any CPU
	EndGlobalSection
	GlobalSection(SolutionProperties) = preSolution
		HideSolutionNode = FALSE
	EndGlobalSection
	GlobalSection(ExtensibilityGlobals) = postSolution
		SolutionGuid = {A6801914-4E66-48A4-A65C-8C73A2146B4D}
	EndGlobalSection
EndGlobal
