
Microsoft Visual Studio Solution File, Format Version 12.00
# Visual Studio Version 16
VisualStudioVersion = 16.0.29503.13
MinimumVisualStudioVersion = 10.0.40219.1
Project("{FAE04EC0-301F-11D3-BF4B-00C04F79EFBC}") = "Algoritmo5", "Algoritmo5.csproj", "{2A3885AB-D039-4636-BF39-3FBA5A2A5548}"
EndProject
Global
	GlobalSection(SolutionConfigurationPlatforms) = preSolution
		Debug|Any CPU = Debug|Any CPU
		Release|Any CPU = Release|Any CPU
	EndGlobalSection
	GlobalSection(ProjectConfigurationPlatforms) = postSolution
		{2A3885AB-D039-4636-BF39-3FBA5A2A5548}.Debug|Any CPU.ActiveCfg = Debug|Any CPU
		{2A3885AB-D039-4636-BF39-3FBA5A2A5548}.Debug|Any CPU.Build.0 = Debug|Any CPU
		{2A3885AB-D039-4636-BF39-3FBA5A2A5548}.Release|Any CPU.ActiveCfg = Release|Any CPU
		{2A3885AB-D039-4636-BF39-3FBA5A2A5548}.Release|Any CPU.Build.0 = Release|Any CPU
	EndGlobalSection
	GlobalSection(SolutionProperties) = preSolution
		HideSolutionNode = FALSE
	EndGlobalSection
	GlobalSection(ExtensibilityGlobals) = postSolution
		SolutionGuid = {41521DD7-A2C2-4982-90B5-F806366C1C17}
	EndGlobalSection
EndGlobal
