
Microsoft Visual Studio Solution File, Format Version 12.00
# Visual Studio Version 16
VisualStudioVersion = 16.0.29503.13
MinimumVisualStudioVersion = 10.0.40219.1
Project("{FAE04EC0-301F-11D3-BF4B-00C04F79EFBC}") = "Algoritmo1", "Algoritmo1.csproj", "{AF3C71B4-94F0-46A8-A78B-18493A9CEB87}"
EndProject
Global
	GlobalSection(SolutionConfigurationPlatforms) = preSolution
		Debug|Any CPU = Debug|Any CPU
		Release|Any CPU = Release|Any CPU
	EndGlobalSection
	GlobalSection(ProjectConfigurationPlatforms) = postSolution
		{AF3C71B4-94F0-46A8-A78B-18493A9CEB87}.Debug|Any CPU.ActiveCfg = Debug|Any CPU
		{AF3C71B4-94F0-46A8-A78B-18493A9CEB87}.Debug|Any CPU.Build.0 = Debug|Any CPU
		{AF3C71B4-94F0-46A8-A78B-18493A9CEB87}.Release|Any CPU.ActiveCfg = Release|Any CPU
		{AF3C71B4-94F0-46A8-A78B-18493A9CEB87}.Release|Any CPU.Build.0 = Release|Any CPU
	EndGlobalSection
	GlobalSection(SolutionProperties) = preSolution
		HideSolutionNode = FALSE
	EndGlobalSection
	GlobalSection(ExtensibilityGlobals) = postSolution
		SolutionGuid = {82FCA47E-4970-403E-9095-FC1B8C70E703}
	EndGlobalSection
EndGlobal
