
Microsoft Visual Studio Solution File, Format Version 12.00
# Visual Studio Version 16
VisualStudioVersion = 16.0.29503.13
MinimumVisualStudioVersion = 10.0.40219.1
Project("{FAE04EC0-301F-11D3-BF4B-00C04F79EFBC}") = "Algoritmo8_EntrePalabras", "Algoritmo8_EntrePalabras.csproj", "{36BFD7C0-217B-4DA8-B87B-D2E512FF410E}"
EndProject
Global
	GlobalSection(SolutionConfigurationPlatforms) = preSolution
		Debug|Any CPU = Debug|Any CPU
		Release|Any CPU = Release|Any CPU
	EndGlobalSection
	GlobalSection(ProjectConfigurationPlatforms) = postSolution
		{36BFD7C0-217B-4DA8-B87B-D2E512FF410E}.Debug|Any CPU.ActiveCfg = Debug|Any CPU
		{36BFD7C0-217B-4DA8-B87B-D2E512FF410E}.Debug|Any CPU.Build.0 = Debug|Any CPU
		{36BFD7C0-217B-4DA8-B87B-D2E512FF410E}.Release|Any CPU.ActiveCfg = Release|Any CPU
		{36BFD7C0-217B-4DA8-B87B-D2E512FF410E}.Release|Any CPU.Build.0 = Release|Any CPU
	EndGlobalSection
	GlobalSection(SolutionProperties) = preSolution
		HideSolutionNode = FALSE
	EndGlobalSection
	GlobalSection(ExtensibilityGlobals) = postSolution
		SolutionGuid = {15E28093-4F6B-4CEA-A333-9CF74D47C828}
	EndGlobalSection
EndGlobal
